PODS:
  - DVVActionSheetView (1.0.1)
  - DVVAlertView (1.0.2)
  - DVVArchiver (1.0.0)
  - DVVCoding (1.0.1)
  - DVVImagePickerControllerManager (1.0.0)
  - DVVLoading (1.0.1)
  - DVVToast (1.0.1)
  - FDFullscreenPopGesture (1.1)
  - IQKeyboardManager (5.0.6)
  - Masonry (1.0.2)
  - THLabel (1.4.8)
  - UMengAnalytics-NO-IDFA (4.1.5)
  - YYModel (1.0.4)

DEPENDENCIES:
  - DVVActionSheetView (from `https://github.com/devdawei/DVVActionSheetView.git`, tag `v1.0.2`)
  - DVVAlertView (from `https://github.com/devdawei/DVVAlertView.git`, tag `v1.0.2`)
  - DVVArchiver (from `https://github.com/devdawei/DVVArchiver.git`, tag `v1.0.0`)
  - DVVCoding (from `https://github.com/devdawei/DVVCoding.git`, tag `v1.0.1`)
  - DVVImagePickerControllerManager (from `https://github.com/devdawei/DVVImagePickerControllerManager.git`, tag `v1.0.0`)
  - DVVLoading (from `https://github.com/devdawei/DVVLoading.git`, tag `v1.0.1`)
  - DVVToast (from `https://github.com/devdawei/DVVToast.git`, tag `v1.0.1`)
  - FDFullscreenPopGesture (~> 1.1)
  - IQKeyboardManager (~> 5.0.6)
  - Masonry (~> 1.0.1)
  - THLabel (~> 1.4.7)
  - UMengAnalytics-NO-IDFA (~> 4.1.5)
  - YYModel (~> 1.0.4)

SPEC REPOS:
  https://github.com/cocoapods/specs.git:
    - FDFullscreenPopGesture
    - IQKeyboardManager
    - Masonry
    - THLabel
    - UMengAnalytics-NO-IDFA
    - YYModel

EXTERNAL SOURCES:
  DVVActionSheetView:
    :git: https://github.com/devdawei/DVVActionSheetView.git
    :tag: v1.0.2
  DVVAlertView:
    :git: https://github.com/devdawei/DVVAlertView.git
    :tag: v1.0.2
  DVVArchiver:
    :git: https://github.com/devdawei/DVVArchiver.git
    :tag: v1.0.0
  DVVCoding:
    :git: https://github.com/devdawei/DVVCoding.git
    :tag: v1.0.1
  DVVImagePickerControllerManager:
    :git: https://github.com/devdawei/DVVImagePickerControllerManager.git
    :tag: v1.0.0
  DVVLoading:
    :git: https://github.com/devdawei/DVVLoading.git
    :tag: v1.0.1
  DVVToast:
    :git: https://github.com/devdawei/DVVToast.git
    :tag: v1.0.1

CHECKOUT OPTIONS:
  DVVActionSheetView:
    :git: https://github.com/devdawei/DVVActionSheetView.git
    :tag: v1.0.2
  DVVAlertView:
    :git: https://github.com/devdawei/DVVAlertView.git
    :tag: v1.0.2
  DVVArchiver:
    :git: https://github.com/devdawei/DVVArchiver.git
    :tag: v1.0.0
  DVVCoding:
    :git: https://github.com/devdawei/DVVCoding.git
    :tag: v1.0.1
  DVVImagePickerControllerManager:
    :git: https://github.com/devdawei/DVVImagePickerControllerManager.git
    :tag: v1.0.0
  DVVLoading:
    :git: https://github.com/devdawei/DVVLoading.git
    :tag: v1.0.1
  DVVToast:
    :git: https://github.com/devdawei/DVVToast.git
    :tag: v1.0.1

SPEC CHECKSUMS:
  DVVActionSheetView: 5e0b4ccad42659641ffeb615327f688ddeca722b
  DVVAlertView: 20534ca4582d008bb12b62532468e73be963b135
  DVVArchiver: aa4895df3734ca9cdb71de845ccc8a5ce48f9400
  DVVCoding: 3eb7c25a6063f14a7128268ef3bdc5a01054aa2c
  DVVImagePickerControllerManager: 558c73e756e26b094c1150aa9aafa60501c17c05
  DVVLoading: 1d2f919baf2d02fde23f1728e71a6c2838b9bb9a
  DVVToast: bb4464068f195e9fd495d965b39742b34662da28
  FDFullscreenPopGesture: a8a620179e3d9c40e8e00256dcee1c1a27c6d0f0
  IQKeyboardManager: 077b7f691dfa9d69db9cff66f2bed68ebfc02d9b
  Masonry: 7c429b56da9d4ee0bbb3ed77a5ea710d6a5df39e
  THLabel: a2ca21c06cd7daba5c0c6d3095d48f6c137a3d80
  UMengAnalytics-NO-IDFA: f1b08b540eba6ebad044a574cae6d988cf40cfda
  YYModel: 2a7fdd96aaa4b86a824e26d0c517de8928c04b30

PODFILE CHECKSUM: 1b1c213e042147342e425dfede03eb116b751931

COCOAPODS: 1.5.3
